{
  "name": "mohdsaifhussain-github-io",
  "lockfileVersion": 3,
  "requires": true,
  "packages": {
    "": {
      "name": "mohdsaifhussain-github-io",
      "devDependencies": {
        "axe-core": "4.13.0",
        "vnu-jar": "26.8.4"
      }
    },
    "node_modules/axe-core": {
      "version": "4.13.0",
      "resolved": "https://registry.npmjs.org/axe-core/-/axe-core-4.13.0.tgz",
      "integrity": "sha512-UzGt8zg7Ny8djbYMhxl2zuEevVa7r2gJjYY5Lwr1xM7+XU2nd6CkIWFTVcCIbAP63vSz71NaVyyuSk9lHKcy0A==",
      "dev": true,
      "license": "MPL-2.0",
      "engines": {
        "node": ">=4"
      }
    },
    "node_modules/vnu-jar": {
      "version": "26.8.4",
      "resolved": "https://registry.npmjs.org/vnu-jar/-/vnu-jar-26.8.4.tgz",
      "integrity": "sha512-MQ3fuZMaH0miBQBPrvbfWauM5LM96wQsuJrciFdWJagZGMK+3GakoS74kyt/MGbyHyX17uwaLey5OuJ/Hd3ECg==",
      "dev": true,
      "hasInstallScript": true,
      "license": "MIT",
      "bin": {
        "vnu": "vnu-jar.js"
      },
      "engines": {
        "node": ">=18"
      }
    }
  }
}
